// !$*UTF8*$!
{
	archiveVersion = 1;
	classes = {
	};
	objectVersion = 50;
	objects = {

/* Begin PBXBuildFile section */
		7637CEBD2358EA7800FB6979 /* AnimatedAddButton.swift in Sources */ = {isa = PBXBuildFile; fileRef = 7637CEBC2358EA7800FB6979 /* AnimatedAddButton.swift */; };
		7637CEC22358EB0400FB6979 /* addphoto.gif in Resources */ = {isa = PBXBuildFile; fileRef = 7637CEC12358EB0400FB6979 /* addphoto.gif */; };
		7637CEC72358FFD800FB6979 /* UIScrollView+EmptyDataSet.m in Sources */ = {isa = PBXBuildFile; fileRef = 7637CEC52358FFD800FB6979 /* UIScrollView+EmptyDataSet.m */; };
		7637CECF2359075200FB6979 /* LandingTopPanelView.xib in Resources */ = {isa = PBXBuildFile; fileRef = 7637CECE2359075200FB6979 /* LandingTopPanelView.xib */; };
		7637CED12359078F00FB6979 /* LandingBottomPanelView.xib in Resources */ = {isa = PBXBuildFile; fileRef = 7637CED02359078F00FB6979 /* LandingBottomPanelView.xib */; };
		7637CED5235908A000FB6979 /* addButton.jpg in Resources */ = {isa = PBXBuildFile; fileRef = 7637CED2235908A000FB6979 /* addButton.jpg */; };
		7637CED6235908A000FB6979 /* addButton@3x.jpg in Resources */ = {isa = PBXBuildFile; fileRef = 7637CED3235908A000FB6979 /* addButton@3x.jpg */; };
		7637CED7235908A000FB6979 /* addButton@2x.jpg in Resources */ = {isa = PBXBuildFile; fileRef = 7637CED4235908A000FB6979 /* addButton@2x.jpg */; };
		7637CEDB2359110D00FB6979 /* SelectedPhotosCell.swift in Sources */ = {isa = PBXBuildFile; fileRef = 7637CED92359110D00FB6979 /* SelectedPhotosCell.swift */; };
		7637CEDC2359110D00FB6979 /* SelectedPhotosCell.xib in Resources */ = {isa = PBXBuildFile; fileRef = 7637CEDA2359110D00FB6979 /* SelectedPhotosCell.xib */; };
		7637CEE52359131F00FB6979 /* firad.jpg in Resources */ = {isa = PBXBuildFile; fileRef = 7637CEE42359131E00FB6979 /* firad.jpg */; };
		7664544D2357A301009E1A28 /* AppDelegate.swift in Sources */ = {isa = PBXBuildFile; fileRef = 7664544C2357A301009E1A28 /* AppDelegate.swift */; };
		766454542357A301009E1A28 /* Main.storyboard in Resources */ = {isa = PBXBuildFile; fileRef = 766454522357A301009E1A28 /* Main.storyboard */; };
		766454562357A302009E1A28 /* Assets.xcassets in Resources */ = {isa = PBXBuildFile; fileRef = 766454552357A302009E1A28 /* Assets.xcassets */; };
		766454592357A302009E1A28 /* LaunchScreen.storyboard in Resources */ = {isa = PBXBuildFile; fileRef = 766454572357A302009E1A28 /* LaunchScreen.storyboard */; };
		766454632357A93A009E1A28 /* SceneDelegate.swift in Sources */ = {isa = PBXBuildFile; fileRef = 766454622357A93A009E1A28 /* SceneDelegate.swift */; };
		766454682357ABF9009E1A28 /* CustomViewBase.swift in Sources */ = {isa = PBXBuildFile; fileRef = 766454672357ABF9009E1A28 /* CustomViewBase.swift */; };
		7664546F2357AE89009E1A28 /* LandingViewController.swift in Sources */ = {isa = PBXBuildFile; fileRef = 7664546E2357AE89009E1A28 /* LandingViewController.swift */; };
		766454712357AED5009E1A28 /* LandingTopPanelView.swift in Sources */ = {isa = PBXBuildFile; fileRef = 766454702357AED5009E1A28 /* LandingTopPanelView.swift */; };
		766454772357B438009E1A28 /* SelectedPhotosCollectionViewController.swift in Sources */ = {isa = PBXBuildFile; fileRef = 766454762357B438009E1A28 /* SelectedPhotosCollectionViewController.swift */; };
		7664547A2357B735009E1A28 /* UIViewController+setNavigation.swift in Sources */ = {isa = PBXBuildFile; fileRef = 766454792357B735009E1A28 /* UIViewController+setNavigation.swift */; };
		7664547C2357B7D7009E1A28 /* LandingBottomPanelView.swift in Sources */ = {isa = PBXBuildFile; fileRef = 7664547B2357B7D7009E1A28 /* LandingBottomPanelView.swift */; };
		766454A52357CA03009E1A28 /* HasCollectionViewDataSource.swift in Sources */ = {isa = PBXBuildFile; fileRef = 766454A42357CA03009E1A28 /* HasCollectionViewDataSource.swift */; };
		766454A82357CB73009E1A28 /* SelectedPhotosDataSource.swift in Sources */ = {isa = PBXBuildFile; fileRef = 766454A72357CB73009E1A28 /* SelectedPhotosDataSource.swift */; };
/* End PBXBuildFile section */

/* Begin PBXFileReference section */
		7637CEBC2358EA7800FB6979 /* AnimatedAddButton.swift */ = {isa = PBXFileReference; lastKnownFileType = sourcecode.swift; path = AnimatedAddButton.swift; sourceTree = "<group>"; };
		7637CEC12358EB0400FB6979 /* addphoto.gif */ = {isa = PBXFileReference; lastKnownFileType = image.gif; path = addphoto.gif; sourceTree = "<group>"; };
		7637CEC42358FFD700FB6979 /* Hotshot-Bridging-Header.h */ = {isa = PBXFileReference; lastKnownFileType = sourcecode.c.h; path = "Hotshot-Bridging-Header.h"; sourceTree = "<group>"; };
		7637CEC52358FFD800FB6979 /* UIScrollView+EmptyDataSet.m */ = {isa = PBXFileReference; fileEncoding = 4; lastKnownFileType = sourcecode.c.objc; path = "UIScrollView+EmptyDataSet.m"; sourceTree = "<group>"; };
		7637CEC62358FFD800FB6979 /* UIScrollView+EmptyDataSet.h */ = {isa = PBXFileReference; fileEncoding = 4; lastKnownFileType = sourcecode.c.h; path = "UIScrollView+EmptyDataSet.h"; sourceTree = "<group>"; };
		7637CECE2359075200FB6979 /* LandingTopPanelView.xib */ = {isa = PBXFileReference; lastKnownFileType = file.xib; path = LandingTopPanelView.xib; sourceTree = "<group>"; };
		7637CED02359078F00FB6979 /* LandingBottomPanelView.xib */ = {isa = PBXFileReference; lastKnownFileType = file.xib; path = LandingBottomPanelView.xib; sourceTree = "<group>"; };
		7637CED2235908A000FB6979 /* addButton.jpg */ = {isa = PBXFileReference; lastKnownFileType = image.jpeg; path = addButton.jpg; sourceTree = "<group>"; };
		7637CED3235908A000FB6979 /* addButton@3x.jpg */ = {isa = PBXFileReference; lastKnownFileType = image.jpeg; path = "addButton@3x.jpg"; sourceTree = "<group>"; };
		7637CED4235908A000FB6979 /* addButton@2x.jpg */ = {isa = PBXFileReference; lastKnownFileType = image.jpeg; path = "addButton@2x.jpg"; sourceTree = "<group>"; };
		7637CED92359110D00FB6979 /* SelectedPhotosCell.swift */ = {isa = PBXFileReference; lastKnownFileType = sourcecode.swift; path = SelectedPhotosCell.swift; sourceTree = "<group>"; };
		7637CEDA2359110D00FB6979 /* SelectedPhotosCell.xib */ = {isa = PBXFileReference; lastKnownFileType = file.xib; path = SelectedPhotosCell.xib; sourceTree = "<group>"; };
		7637CEE42359131E00FB6979 /* firad.jpg */ = {isa = PBXFileReference; lastKnownFileType = image.jpeg; path = firad.jpg; sourceTree = "<group>"; };
		766454492357A301009E1A28 /* Hotshot.app */ = {isa = PBXFileReference; explicitFileType = wrapper.application; includeInIndex = 0; path = Hotshot.app; sourceTree = BUILT_PRODUCTS_DIR; };
		7664544C2357A301009E1A28 /* AppDelegate.swift */ = {isa = PBXFileReference; lastKnownFileType = sourcecode.swift; path = AppDelegate.swift; sourceTree = "<group>"; };
		766454532357A301009E1A28 /* Base */ = {isa = PBXFileReference; lastKnownFileType = file.storyboard; name = Base; path = Base.lproj/Main.storyboard; sourceTree = "<group>"; };
		766454552357A302009E1A28 /* Assets.xcassets */ = {isa = PBXFileReference; lastKnownFileType = folder.assetcatalog; path = Assets.xcassets; sourceTree = "<group>"; };
		766454582357A302009E1A28 /* Base */ = {isa = PBXFileReference; lastKnownFileType = file.storyboard; name = Base; path = Base.lproj/LaunchScreen.storyboard; sourceTree = "<group>"; };
		7664545A2357A302009E1A28 /* Info.plist */ = {isa = PBXFileReference; lastKnownFileType = text.plist.xml; path = Info.plist; sourceTree = "<group>"; };
		766454622357A93A009E1A28 /* SceneDelegate.swift */ = {isa = PBXFileReference; fileEncoding = 4; lastKnownFileType = sourcecode.swift; path = SceneDelegate.swift; sourceTree = "<group>"; };
		766454672357ABF9009E1A28 /* CustomViewBase.swift */ = {isa = PBXFileReference; fileEncoding = 4; lastKnownFileType = sourcecode.swift; path = CustomViewBase.swift; sourceTree = "<group>"; };
		7664546E2357AE89009E1A28 /* LandingViewController.swift */ = {isa = PBXFileReference; lastKnownFileType = sourcecode.swift; path = LandingViewController.swift; sourceTree = "<group>"; };
		766454702357AED5009E1A28 /* LandingTopPanelView.swift */ = {isa = PBXFileReference; lastKnownFileType = sourcecode.swift; path = LandingTopPanelView.swift; sourceTree = "<group>"; };
		766454762357B438009E1A28 /* SelectedPhotosCollectionViewController.swift */ = {isa = PBXFileReference; lastKnownFileType = sourcecode.swift; path = SelectedPhotosCollectionViewController.swift; sourceTree = "<group>"; };
		766454792357B735009E1A28 /* UIViewController+setNavigation.swift */ = {isa = PBXFileReference; lastKnownFileType = sourcecode.swift; path = "UIViewController+setNavigation.swift"; sourceTree = "<group>"; };
		7664547B2357B7D7009E1A28 /* LandingBottomPanelView.swift */ = {isa = PBXFileReference; lastKnownFileType = sourcecode.swift; path = LandingBottomPanelView.swift; sourceTree = "<group>"; };
		766454A42357CA03009E1A28 /* HasCollectionViewDataSource.swift */ = {isa = PBXFileReference; lastKnownFileType = sourcecode.swift; path = HasCollectionViewDataSource.swift; sourceTree = "<group>"; };
		766454A72357CB73009E1A28 /* SelectedPhotosDataSource.swift */ = {isa = PBXFileReference; lastKnownFileType = sourcecode.swift; path = SelectedPhotosDataSource.swift; sourceTree = "<group>"; };
/* End PBXFileReference section */

/* Begin PBXFrameworksBuildPhase section */
		766454462357A301009E1A28 /* Frameworks */ = {
			isa = PBXFrameworksBuildPhase;
			buildActionMask = 2147483647;
			files = (
			);
			runOnlyForDeploymentPostprocessing = 0;
		};
/* End PBXFrameworksBuildPhase section */

/* Begin PBXGroup section */
		7637CEBB2358EA3900FB6979 /* Reusables */ = {
			isa = PBXGroup;
			children = (
				7637CEBC2358EA7800FB6979 /* AnimatedAddButton.swift */,
			);
			path = Reusables;
			sourceTree = "<group>";
		};
		7637CEC02358EAF600FB6979 /* Images */ = {
			isa = PBXGroup;
			children = (
				7637CEC12358EB0400FB6979 /* addphoto.gif */,
				7637CED2235908A000FB6979 /* addButton.jpg */,
				7637CED4235908A000FB6979 /* addButton@2x.jpg */,
				7637CED3235908A000FB6979 /* addButton@3x.jpg */,
				7637CEE42359131E00FB6979 /* firad.jpg */,
			);
			path = Images;
			sourceTree = "<group>";
		};
		7637CEC32358FFB500FB6979 /* DZNEmptyDataSet */ = {
			isa = PBXGroup;
			children = (
				7637CEC62358FFD800FB6979 /* UIScrollView+EmptyDataSet.h */,
				7637CEC52358FFD800FB6979 /* UIScrollView+EmptyDataSet.m */,
				7637CEC42358FFD700FB6979 /* Hotshot-Bridging-Header.h */,
			);
			path = DZNEmptyDataSet;
			sourceTree = "<group>";
		};
		7637CED8235910D800FB6979 /* CollectionViewCells */ = {
			isa = PBXGroup;
			children = (
				7637CED92359110D00FB6979 /* SelectedPhotosCell.swift */,
				7637CEDA2359110D00FB6979 /* SelectedPhotosCell.xib */,
			);
			path = CollectionViewCells;
			sourceTree = "<group>";
		};
		766454402357A301009E1A28 = {
			isa = PBXGroup;
			children = (
				7664544B2357A301009E1A28 /* Hotshot */,
				7664544A2357A301009E1A28 /* Products */,
			);
			sourceTree = "<group>";
		};
		7664544A2357A301009E1A28 /* Products */ = {
			isa = PBXGroup;
			children = (
				766454492357A301009E1A28 /* Hotshot.app */,
			);
			name = Products;
			sourceTree = "<group>";
		};
		7664544B2357A301009E1A28 /* Hotshot */ = {
			isa = PBXGroup;
			children = (
				7637CEC32358FFB500FB6979 /* DZNEmptyDataSet */,
				7637CEC02358EAF600FB6979 /* Images */,
				766454A62357CB5C009E1A28 /* DataSources */,
				766454782357B70D009E1A28 /* Extensions */,
				766454612357A71F009E1A28 /* Views */,
				766454602357A70B009E1A28 /* ViewControllers */,
				7664544C2357A301009E1A28 /* AppDelegate.swift */,
				766454622357A93A009E1A28 /* SceneDelegate.swift */,
				766454522357A301009E1A28 /* Main.storyboard */,
				766454552357A302009E1A28 /* Assets.xcassets */,
				766454572357A302009E1A28 /* LaunchScreen.storyboard */,
				7664545A2357A302009E1A28 /* Info.plist */,
			);
			path = Hotshot;
			sourceTree = "<group>";
		};
		766454602357A70B009E1A28 /* ViewControllers */ = {
			isa = PBXGroup;
			children = (
				7664546D2357AE1F009E1A28 /* LandingViewControllers */,
			);
			path = ViewControllers;
			sourceTree = "<group>";
		};
		766454612357A71F009E1A28 /* Views */ = {
			isa = PBXGroup;
			children = (
				7637CED8235910D800FB6979 /* CollectionViewCells */,
				7637CEBB2358EA3900FB6979 /* Reusables */,
				766454672357ABF9009E1A28 /* CustomViewBase.swift */,
				766454662357ABCD009E1A28 /* LandingViews */,
			);
			path = Views;
			sourceTree = "<group>";
		};
		766454662357ABCD009E1A28 /* LandingViews */ = {
			isa = PBXGroup;
			children = (
				766454702357AED5009E1A28 /* LandingTopPanelView.swift */,
				7637CECE2359075200FB6979 /* LandingTopPanelView.xib */,
				7664547B2357B7D7009E1A28 /* LandingBottomPanelView.swift */,
				7637CED02359078F00FB6979 /* LandingBottomPanelView.xib */,
			);
			path = LandingViews;
			sourceTree = "<group>";
		};
		7664546D2357AE1F009E1A28 /* LandingViewControllers */ = {
			isa = PBXGroup;
			children = (
				7664546E2357AE89009E1A28 /* LandingViewController.swift */,
				766454762357B438009E1A28 /* SelectedPhotosCollectionViewController.swift */,
			);
			path = LandingViewControllers;
			sourceTree = "<group>";
		};
		766454782357B70D009E1A28 /* Extensions */ = {
			isa = PBXGroup;
			children = (
				766454792357B735009E1A28 /* UIViewController+setNavigation.swift */,
				766454A42357CA03009E1A28 /* HasCollectionViewDataSource.swift */,
			);
			path = Extensions;
			sourceTree = "<group>";
		};
		766454A62357CB5C009E1A28 /* DataSources */ = {
			isa = PBXGroup;
			children = (
				766454A72357CB73009E1A28 /* SelectedPhotosDataSource.swift */,
			);
			path = DataSources;
			sourceTree = "<group>";
		};
/* End PBXGroup section */

/* Begin PBXNativeTarget section */
		766454482357A301009E1A28 /* Hotshot */ = {
			isa = PBXNativeTarget;
			buildConfigurationList = 7664545D2357A302009E1A28 /* Build configuration list for PBXNativeTarget "Hotshot" */;
			buildPhases = (
				766454452357A301009E1A28 /* Sources */,
				766454462357A301009E1A28 /* Frameworks */,
				766454472357A301009E1A28 /* Resources */,
			);
			buildRules = (
			);
			dependencies = (
			);
			name = Hotshot;
			productName = Hotshot;
			productReference = 766454492357A301009E1A28 /* Hotshot.app */;
			productType = "com.apple.product-type.application";
		};
/* End PBXNativeTarget section */

/* Begin PBXProject section */
		766454412357A301009E1A28 /* Project object */ = {
			isa = PBXProject;
			attributes = {
				LastSwiftUpdateCheck = 1110;
				LastUpgradeCheck = 1110;
				ORGANIZATIONNAME = Firot;
				TargetAttributes = {
					766454482357A301009E1A28 = {
						CreatedOnToolsVersion = 11.1;
						LastSwiftMigration = 1110;
					};
				};
			};
			buildConfigurationList = 766454442357A301009E1A28 /* Build configuration list for PBXProject "Hotshot" */;
			compatibilityVersion = "Xcode 9.3";
			developmentRegion = en;
			hasScannedForEncodings = 0;
			knownRegions = (
				en,
				Base,
			);
			mainGroup = 766454402357A301009E1A28;
			productRefGroup = 7664544A2357A301009E1A28 /* Products */;
			projectDirPath = "";
			projectRoot = "";
			targets = (
				766454482357A301009E1A28 /* Hotshot */,
			);
		};
/* End PBXProject section */

/* Begin PBXResourcesBuildPhase section */
		766454472357A301009E1A28 /* Resources */ = {
			isa = PBXResourcesBuildPhase;
			buildActionMask = 2147483647;
			files = (
				7637CECF2359075200FB6979 /* LandingTopPanelView.xib in Resources */,
				766454592357A302009E1A28 /* LaunchScreen.storyboard in Resources */,
				7637CED7235908A000FB6979 /* addButton@2x.jpg in Resources */,
				7637CEDC2359110D00FB6979 /* SelectedPhotosCell.xib in Resources */,
				7637CED12359078F00FB6979 /* LandingBottomPanelView.xib in Resources */,
				7637CED5235908A000FB6979 /* addButton.jpg in Resources */,
				766454562357A302009E1A28 /* Assets.xcassets in Resources */,
				766454542357A301009E1A28 /* Main.storyboard in Resources */,
				7637CEE52359131F00FB6979 /* firad.jpg in Resources */,
				7637CEC22358EB0400FB6979 /* addphoto.gif in Resources */,
				7637CED6235908A000FB6979 /* addButton@3x.jpg in Resources */,
			);
			runOnlyForDeploymentPostprocessing = 0;
		};
/* End PBXResourcesBuildPhase section */

/* Begin PBXSourcesBuildPhase section */
		766454452357A301009E1A28 /* Sources */ = {
			isa = PBXSourcesBuildPhase;
			buildActionMask = 2147483647;
			files = (
				766454A82357CB73009E1A28 /* SelectedPhotosDataSource.swift in Sources */,
				7664547A2357B735009E1A28 /* UIViewController+setNavigation.swift in Sources */,
				766454772357B438009E1A28 /* SelectedPhotosCollectionViewController.swift in Sources */,
				766454682357ABF9009E1A28 /* CustomViewBase.swift in Sources */,
				7664544D2357A301009E1A28 /* AppDelegate.swift in Sources */,
				7664547C2357B7D7009E1A28 /* LandingBottomPanelView.swift in Sources */,
				7637CEBD2358EA7800FB6979 /* AnimatedAddButton.swift in Sources */,
				766454632357A93A009E1A28 /* SceneDelegate.swift in Sources */,
				7637CEDB2359110D00FB6979 /* SelectedPhotosCell.swift in Sources */,
				7664546F2357AE89009E1A28 /* LandingViewController.swift in Sources */,
				766454A52357CA03009E1A28 /* HasCollectionViewDataSource.swift in Sources */,
				7637CEC72358FFD800FB6979 /* UIScrollView+EmptyDataSet.m in Sources */,
				766454712357AED5009E1A28 /* LandingTopPanelView.swift in Sources */,
			);
			runOnlyForDeploymentPostprocessing = 0;
		};
/* End PBXSourcesBuildPhase section */

/* Begin PBXVariantGroup section */
		766454522357A301009E1A28 /* Main.storyboard */ = {
			isa = PBXVariantGroup;
			children = (
				766454532357A301009E1A28 /* Base */,
			);
			name = Main.storyboard;
			sourceTree = "<group>";
		};
		766454572357A302009E1A28 /* LaunchScreen.storyboard */ = {
			isa = PBXVariantGroup;
			children = (
				766454582357A302009E1A28 /* Base */,
			);
			name = LaunchScreen.storyboard;
			sourceTree = "<group>";
		};
/* End PBXVariantGroup section */

/* Begin XCBuildConfiguration section */
		7664545B2357A302009E1A28 /* Debug */ = {
			isa = XCBuildConfiguration;
			buildSettings = {
				ALWAYS_SEARCH_USER_PATHS = NO;
				CLANG_ANALYZER_NONNULL = YES;
				CLANG_ANALYZER_NUMBER_OBJECT_CONVERSION = YES_AGGRESSIVE;
				CLANG_CXX_LANGUAGE_STANDARD = "gnu++14";
				CLANG_CXX_LIBRARY = "libc++";
				CLANG_ENABLE_MODULES = YES;
				CLANG_ENABLE_OBJC_ARC = YES;
				CLANG_ENABLE_OBJC_WEAK = YES;
				CLANG_WARN_BLOCK_CAPTURE_AUTORELEASING = YES;
				CLANG_WARN_BOOL_CONVERSION = YES;
				CLANG_WARN_COMMA = YES;
				CLANG_WARN_CONSTANT_CONVERSION = YES;
				CLANG_WARN_DEPRECATED_OBJC_IMPLEMENTATIONS = YES;
				CLANG_WARN_DIRECT_OBJC_ISA_USAGE = YES_ERROR;
				CLANG_WARN_DOCUMENTATION_COMMENTS = YES;
				CLANG_WARN_EMPTY_BODY = YES;
				CLANG_WARN_ENUM_CONVERSION = YES;
				CLANG_WARN_INFINITE_RECURSION = YES;
				CLANG_WARN_INT_CONVERSION = YES;
				CLANG_WARN_NON_LITERAL_NULL_CONVERSION = YES;
				CLANG_WARN_OBJC_IMPLICIT_RETAIN_SELF = YES;
				CLANG_WARN_OBJC_LITERAL_CONVERSION = YES;
				CLANG_WARN_OBJC_ROOT_CLASS = YES_ERROR;
				CLANG_WARN_RANGE_LOOP_ANALYSIS = YES;
				CLANG_WARN_STRICT_PROTOTYPES = YES;
				CLANG_WARN_SUSPICIOUS_MOVE = YES;
				CLANG_WARN_UNGUARDED_AVAILABILITY = YES_AGGRESSIVE;
				CLANG_WARN_UNREACHABLE_CODE = YES;
				CLANG_WARN__DUPLICATE_METHOD_MATCH = YES;
				COPY_PHASE_STRIP = NO;
				DEBUG_INFORMATION_FORMAT = dwarf;
				ENABLE_STRICT_OBJC_MSGSEND = YES;
				ENABLE_TESTABILITY = YES;
				GCC_C_LANGUAGE_STANDARD = gnu11;
				GCC_DYNAMIC_NO_PIC = NO;
				GCC_NO_COMMON_BLOCKS = YES;
				GCC_OPTIMIZATION_LEVEL = 0;
				GCC_PREPROCESSOR_DEFINITIONS = (
					"DEBUG=1",
					"$(inherited)",
				);
				GCC_WARN_64_TO_32_BIT_CONVERSION = YES;
				GCC_WARN_ABOUT_RETURN_TYPE = YES_ERROR;
				GCC_WARN_UNDECLARED_SELECTOR = YES;
				GCC_WARN_UNINITIALIZED_AUTOS = YES_AGGRESSIVE;
				GCC_WARN_UNUSED_FUNCTION = YES;
				GCC_WARN_UNUSED_VARIABLE = YES;
				IPHONEOS_DEPLOYMENT_TARGET = 13.1;
				MTL_ENABLE_DEBUG_INFO = INCLUDE_SOURCE;
				MTL_FAST_MATH = YES;
				ONLY_ACTIVE_ARCH = YES;
				SDKROOT = iphoneos;
				SWIFT_ACTIVE_COMPILATION_CONDITIONS = DEBUG;
				SWIFT_OPTIMIZATION_LEVEL = "-Onone";
			};
			name = Debug;
		};
		7664545C2357A302009E1A28 /* Release */ = {
			isa = XCBuildConfiguration;
			buildSettings = {
				ALWAYS_SEARCH_USER_PATHS = NO;
				CLANG_ANALYZER_NONNULL = YES;
				CLANG_ANALYZER_NUMBER_OBJECT_CONVERSION = YES_AGGRESSIVE;
				CLANG_CXX_LANGUAGE_STANDARD = "gnu++14";
				CLANG_CXX_LIBRARY = "libc++";
				CLANG_ENABLE_MODULES = YES;
				CLANG_ENABLE_OBJC_ARC = YES;
				CLANG_ENABLE_OBJC_WEAK = YES;
				CLANG_WARN_BLOCK_CAPTURE_AUTORELEASING = YES;
				CLANG_WARN_BOOL_CONVERSION = YES;
				CLANG_WARN_COMMA = YES;
				CLANG_WARN_CONSTANT_CONVERSION = YES;
				CLANG_WARN_DEPRECATED_OBJC_IMPLEMENTATIONS = YES;
				CLANG_WARN_DIRECT_OBJC_ISA_USAGE = YES_ERROR;
				CLANG_WARN_DOCUMENTATION_COMMENTS = YES;
				CLANG_WARN_EMPTY_BODY = YES;
				CLANG_WARN_ENUM_CONVERSION = YES;
				CLANG_WARN_INFINITE_RECURSION = YES;
				CLANG_WARN_INT_CONVERSION = YES;
				CLANG_WARN_NON_LITERAL_NULL_CONVERSION = YES;
				CLANG_WARN_OBJC_IMPLICIT_RETAIN_SELF = YES;
				CLANG_WARN_OBJC_LITERAL_CONVERSION = YES;
				CLANG_WARN_OBJC_ROOT_CLASS = YES_ERROR;
				CLANG_WARN_RANGE_LOOP_ANALYSIS = YES;
				CLANG_WARN_STRICT_PROTOTYPES = YES;
				CLANG_WARN_SUSPICIOUS_MOVE = YES;
				CLANG_WARN_UNGUARDED_AVAILABILITY = YES_AGGRESSIVE;
				CLANG_WARN_UNREACHABLE_CODE = YES;
				CLANG_WARN__DUPLICATE_METHOD_MATCH = YES;
				COPY_PHASE_STRIP = NO;
				DEBUG_INFORMATION_FORMAT = "dwarf-with-dsym";
				ENABLE_NS_ASSERTIONS = NO;
				ENABLE_STRICT_OBJC_MSGSEND = YES;
				GCC_C_LANGUAGE_STANDARD = gnu11;
				GCC_NO_COMMON_BLOCKS = YES;
				GCC_WARN_64_TO_32_BIT_CONVERSION = YES;
				GCC_WARN_ABOUT_RETURN_TYPE = YES_ERROR;
				GCC_WARN_UNDECLARED_SELECTOR = YES;
				GCC_WARN_UNINITIALIZED_AUTOS = YES_AGGRESSIVE;
				GCC_WARN_UNUSED_FUNCTION = YES;
				GCC_WARN_UNUSED_VARIABLE = YES;
				IPHONEOS_DEPLOYMENT_TARGET = 13.1;
				MTL_ENABLE_DEBUG_INFO = NO;
				MTL_FAST_MATH = YES;
				SDKROOT = iphoneos;
				SWIFT_COMPILATION_MODE = wholemodule;
				SWIFT_OPTIMIZATION_LEVEL = "-O";
				VALIDATE_PRODUCT = YES;
			};
			name = Release;
		};
		7664545E2357A302009E1A28 /* Debug */ = {
			isa = XCBuildConfiguration;
			buildSettings = {
				ASSETCATALOG_COMPILER_APPICON_NAME = AppIcon;
				CLANG_ENABLE_MODULES = YES;
				CODE_SIGN_STYLE = Automatic;
				DEVELOPMENT_TEAM = 64LWD834U3;
				INFOPLIST_FILE = Hotshot/Info.plist;
				IPHONEOS_DEPLOYMENT_TARGET = 11.4;
				LD_RUNPATH_SEARCH_PATHS = (
					"$(inherited)",
					"@executable_path/Frameworks",
				);
				PRODUCT_BUNDLE_IDENTIFIER = com.example.Hotshot;
				PRODUCT_NAME = "$(TARGET_NAME)";
				SWIFT_OBJC_BRIDGING_HEADER = "Hotshot/DZNEmptyDataSet/Hotshot-Bridging-Header.h";
				SWIFT_OPTIMIZATION_LEVEL = "-Onone";
				SWIFT_VERSION = 5.0;
				TARGETED_DEVICE_FAMILY = "1,2";
			};
			name = Debug;
		};
		7664545F2357A302009E1A28 /* Release */ = {
			isa = XCBuildConfiguration;
			buildSettings = {
				ASSETCATALOG_COMPILER_APPICON_NAME = AppIcon;
				CLANG_ENABLE_MODULES = YES;
				CODE_SIGN_STYLE = Automatic;
				DEVELOPMENT_TEAM = 64LWD834U3;
				INFOPLIST_FILE = Hotshot/Info.plist;
				IPHONEOS_DEPLOYMENT_TARGET = 11.4;
				LD_RUNPATH_SEARCH_PATHS = (
					"$(inherited)",
					"@executable_path/Frameworks",
				);
				PRODUCT_BUNDLE_IDENTIFIER = com.example.Hotshot;
				PRODUCT_NAME = "$(TARGET_NAME)";
				SWIFT_OBJC_BRIDGING_HEADER = "Hotshot/DZNEmptyDataSet/Hotshot-Bridging-Header.h";
				SWIFT_VERSION = 5.0;
				TARGETED_DEVICE_FAMILY = "1,2";
			};
			name = Release;
		};
/* End XCBuildConfiguration section */

/* Begin XCConfigurationList section */
		766454442357A301009E1A28 /* Build configuration list for PBXProject "Hotshot" */ = {
			isa = XCConfigurationList;
			buildConfigurations = (
				7664545B2357A302009E1A28 /* Debug */,
				7664545C2357A302009E1A28 /* Release */,
			);
			defaultConfigurationIsVisible = 0;
			defaultConfigurationName = Release;
		};
		7664545D2357A302009E1A28 /* Build configuration list for PBXNativeTarget "Hotshot" */ = {
			isa = XCConfigurationList;
			buildConfigurations = (
				7664545E2357A302009E1A28 /* Debug */,
				7664545F2357A302009E1A28 /* Release */,
			);
			defaultConfigurationIsVisible = 0;
			defaultConfigurationName = Release;
		};
/* End XCConfigurationList section */
	};
	rootObject = 766454412357A301009E1A28 /* Project object */;
}
