// !$*UTF8*$!
{
	archiveVersion = 1;
	classes = {
	};
	objectVersion = 51;
	objects = {

/* Begin PBXBuildFile section */
		7637CEC22358EB0400FB6979 /* addphoto.gif in Resources */ = {isa = PBXBuildFile; fileRef = 7637CEC12358EB0400FB6979 /* addphoto.gif */; };
		7637CEC72358FFD800FB6979 /* UIScrollView+EmptyDataSet.m in Sources */ = {isa = PBXBuildFile; fileRef = 7637CEC52358FFD800FB6979 /* UIScrollView+EmptyDataSet.m */; };
		7637CEEB23591D2200FB6979 /* CollectionViewModel.swift in Sources */ = {isa = PBXBuildFile; fileRef = 7637CEEA23591D2200FB6979 /* CollectionViewModel.swift */; };
		7637CEED23591D7200FB6979 /* CollectionViewCellModel.swift in Sources */ = {isa = PBXBuildFile; fileRef = 7637CEEC23591D7200FB6979 /* CollectionViewCellModel.swift */; };
		7637CEEF23591E2500FB6979 /* SelectedPhotoCellModel.swift in Sources */ = {isa = PBXBuildFile; fileRef = 7637CEEE23591E2500FB6979 /* SelectedPhotoCellModel.swift */; };
		763B5A10236C8802000F23CA /* RoundedPhotosView.xib in Resources */ = {isa = PBXBuildFile; fileRef = 763B5A0F236C8802000F23CA /* RoundedPhotosView.xib */; };
		763B5A12236C8834000F23CA /* RoundedPhotosView.swift in Sources */ = {isa = PBXBuildFile; fileRef = 763B5A11236C8834000F23CA /* RoundedPhotosView.swift */; };
		763B5A17236C8DE1000F23CA /* addbutton@2x.png in Resources */ = {isa = PBXBuildFile; fileRef = 763B5A14236C8DE0000F23CA /* addbutton@2x.png */; };
		763B5A18236C8DE1000F23CA /* addbutton@3x.png in Resources */ = {isa = PBXBuildFile; fileRef = 763B5A15236C8DE1000F23CA /* addbutton@3x.png */; };
		763B5A19236C8DE1000F23CA /* addbutton.png in Resources */ = {isa = PBXBuildFile; fileRef = 763B5A16236C8DE1000F23CA /* addbutton.png */; };
		764A955A235CE2F00075A94D /* AnalyzingViewController.swift in Sources */ = {isa = PBXBuildFile; fileRef = 764A9559235CE2F00075A94D /* AnalyzingViewController.swift */; };
		764A955D235CE5C20075A94D /* AnalyzingImage.swift in Sources */ = {isa = PBXBuildFile; fileRef = 764A955C235CE5C20075A94D /* AnalyzingImage.swift */; };
		764A9568235CFCF20075A94D /* UIView+rotate.swift in Sources */ = {isa = PBXBuildFile; fileRef = 764A9567235CFCF20075A94D /* UIView+rotate.swift */; };
		7664544D2357A301009E1A28 /* AppDelegate.swift in Sources */ = {isa = PBXBuildFile; fileRef = 7664544C2357A301009E1A28 /* AppDelegate.swift */; };
		766454542357A301009E1A28 /* Main.storyboard in Resources */ = {isa = PBXBuildFile; fileRef = 766454522357A301009E1A28 /* Main.storyboard */; };
		766454562357A302009E1A28 /* Assets.xcassets in Resources */ = {isa = PBXBuildFile; fileRef = 766454552357A302009E1A28 /* Assets.xcassets */; };
		766454592357A302009E1A28 /* LaunchScreen.storyboard in Resources */ = {isa = PBXBuildFile; fileRef = 766454572357A302009E1A28 /* LaunchScreen.storyboard */; };
		766454632357A93A009E1A28 /* SceneDelegate.swift in Sources */ = {isa = PBXBuildFile; fileRef = 766454622357A93A009E1A28 /* SceneDelegate.swift */; };
		766454682357ABF9009E1A28 /* CustomViewBase.swift in Sources */ = {isa = PBXBuildFile; fileRef = 766454672357ABF9009E1A28 /* CustomViewBase.swift */; };
		7664546F2357AE89009E1A28 /* LandingViewController.swift in Sources */ = {isa = PBXBuildFile; fileRef = 7664546E2357AE89009E1A28 /* LandingViewController.swift */; };
		7664547A2357B735009E1A28 /* UIViewController+setNavigation.swift in Sources */ = {isa = PBXBuildFile; fileRef = 766454792357B735009E1A28 /* UIViewController+setNavigation.swift */; };
		766454A52357CA03009E1A28 /* HasCollectionViewDataSource.swift in Sources */ = {isa = PBXBuildFile; fileRef = 766454A42357CA03009E1A28 /* HasCollectionViewDataSource.swift */; };
		7670F4A2235E1C690031AA55 /* PhotoView.xib in Resources */ = {isa = PBXBuildFile; fileRef = 7670F4A1235E1C690031AA55 /* PhotoView.xib */; };
		7670F4A4235E1CFD0031AA55 /* PhotoView.swift in Sources */ = {isa = PBXBuildFile; fileRef = 7670F4A3235E1CFD0031AA55 /* PhotoView.swift */; };
		7670F4A6235E22CB0031AA55 /* UIView+AlphaGlow.swift in Sources */ = {isa = PBXBuildFile; fileRef = 7670F4A5235E22CB0031AA55 /* UIView+AlphaGlow.swift */; };
		7670F4A8235E28B40031AA55 /* UIView-findViewController.swift in Sources */ = {isa = PBXBuildFile; fileRef = 7670F4A7235E28B40031AA55 /* UIView-findViewController.swift */; };
		7688DA5C235A7AD300DC614D /* TLPhotosPickerConfigure+PhotoPicker.swift in Sources */ = {isa = PBXBuildFile; fileRef = 7688DA5B235A7AD300DC614D /* TLPhotosPickerConfigure+PhotoPicker.swift */; };
		76C277AB235B8FB000C1F8DD /* logo.png in Resources */ = {isa = PBXBuildFile; fileRef = 76C277A8235B8FB000C1F8DD /* logo.png */; };
		76C277AC235B8FB000C1F8DD /* logo@2x.png in Resources */ = {isa = PBXBuildFile; fileRef = 76C277A9235B8FB000C1F8DD /* logo@2x.png */; };
		76C277AD235B8FB000C1F8DD /* logo@3x.png in Resources */ = {isa = PBXBuildFile; fileRef = 76C277AA235B8FB000C1F8DD /* logo@3x.png */; };
		76C277B1235B945200C1F8DD /* hamburger@2x.png in Resources */ = {isa = PBXBuildFile; fileRef = 76C277AE235B945200C1F8DD /* hamburger@2x.png */; };
		76C277B2235B945200C1F8DD /* hamburger@3x.png in Resources */ = {isa = PBXBuildFile; fileRef = 76C277AF235B945200C1F8DD /* hamburger@3x.png */; };
		76C277B3235B945200C1F8DD /* hamburger.png in Resources */ = {isa = PBXBuildFile; fileRef = 76C277B0235B945200C1F8DD /* hamburger.png */; };
		76F4A57423592CAB00822CC1 /* SelectedPhotosViewModel.swift in Sources */ = {isa = PBXBuildFile; fileRef = 76F4A57323592CAB00822CC1 /* SelectedPhotosViewModel.swift */; };
		87D02F1EA2A764AF5B31BB53 /* Pods_Hotshot.framework in Frameworks */ = {isa = PBXBuildFile; fileRef = 3DBC4EB5C0DAA490B1AF421E /* Pods_Hotshot.framework */; };
/* End PBXBuildFile section */

/* Begin PBXFileReference section */
		1E1580E7F39AA70FD4230568 /* Pods-Hotshot.debug.xcconfig */ = {isa = PBXFileReference; includeInIndex = 1; lastKnownFileType = text.xcconfig; name = "Pods-Hotshot.debug.xcconfig"; path = "Target Support Files/Pods-Hotshot/Pods-Hotshot.debug.xcconfig"; sourceTree = "<group>"; };
		3DBC4EB5C0DAA490B1AF421E /* Pods_Hotshot.framework */ = {isa = PBXFileReference; explicitFileType = wrapper.framework; includeInIndex = 0; path = Pods_Hotshot.framework; sourceTree = BUILT_PRODUCTS_DIR; };
		6BA70F2C327E64C82116882F /* Pods-Hotshot.release.xcconfig */ = {isa = PBXFileReference; includeInIndex = 1; lastKnownFileType = text.xcconfig; name = "Pods-Hotshot.release.xcconfig"; path = "Target Support Files/Pods-Hotshot/Pods-Hotshot.release.xcconfig"; sourceTree = "<group>"; };
		7637CEC12358EB0400FB6979 /* addphoto.gif */ = {isa = PBXFileReference; lastKnownFileType = image.gif; path = addphoto.gif; sourceTree = "<group>"; };
		7637CEC42358FFD700FB6979 /* Hotshot-Bridging-Header.h */ = {isa = PBXFileReference; lastKnownFileType = sourcecode.c.h; path = "Hotshot-Bridging-Header.h"; sourceTree = "<group>"; };
		7637CEC52358FFD800FB6979 /* UIScrollView+EmptyDataSet.m */ = {isa = PBXFileReference; fileEncoding = 4; lastKnownFileType = sourcecode.c.objc; path = "UIScrollView+EmptyDataSet.m"; sourceTree = "<group>"; };
		7637CEC62358FFD800FB6979 /* UIScrollView+EmptyDataSet.h */ = {isa = PBXFileReference; fileEncoding = 4; lastKnownFileType = sourcecode.c.h; path = "UIScrollView+EmptyDataSet.h"; sourceTree = "<group>"; };
		7637CEEA23591D2200FB6979 /* CollectionViewModel.swift */ = {isa = PBXFileReference; lastKnownFileType = sourcecode.swift; path = CollectionViewModel.swift; sourceTree = "<group>"; };
		7637CEEC23591D7200FB6979 /* CollectionViewCellModel.swift */ = {isa = PBXFileReference; lastKnownFileType = sourcecode.swift; path = CollectionViewCellModel.swift; sourceTree = "<group>"; };
		7637CEEE23591E2500FB6979 /* SelectedPhotoCellModel.swift */ = {isa = PBXFileReference; lastKnownFileType = sourcecode.swift; path = SelectedPhotoCellModel.swift; sourceTree = "<group>"; };
		763B5A0F236C8802000F23CA /* RoundedPhotosView.xib */ = {isa = PBXFileReference; lastKnownFileType = file.xib; path = RoundedPhotosView.xib; sourceTree = "<group>"; };
		763B5A11236C8834000F23CA /* RoundedPhotosView.swift */ = {isa = PBXFileReference; lastKnownFileType = sourcecode.swift; path = RoundedPhotosView.swift; sourceTree = "<group>"; };
		763B5A14236C8DE0000F23CA /* addbutton@2x.png */ = {isa = PBXFileReference; lastKnownFileType = image.png; path = "addbutton@2x.png"; sourceTree = "<group>"; };
		763B5A15236C8DE1000F23CA /* addbutton@3x.png */ = {isa = PBXFileReference; lastKnownFileType = image.png; path = "addbutton@3x.png"; sourceTree = "<group>"; };
		763B5A16236C8DE1000F23CA /* addbutton.png */ = {isa = PBXFileReference; lastKnownFileType = image.png; path = addbutton.png; sourceTree = "<group>"; };
		764A9559235CE2F00075A94D /* AnalyzingViewController.swift */ = {isa = PBXFileReference; lastKnownFileType = sourcecode.swift; path = AnalyzingViewController.swift; sourceTree = "<group>"; };
		764A955C235CE5C20075A94D /* AnalyzingImage.swift */ = {isa = PBXFileReference; lastKnownFileType = sourcecode.swift; path = AnalyzingImage.swift; sourceTree = "<group>"; };
		764A9567235CFCF20075A94D /* UIView+rotate.swift */ = {isa = PBXFileReference; lastKnownFileType = sourcecode.swift; path = "UIView+rotate.swift"; sourceTree = "<group>"; };
		766454492357A301009E1A28 /* Hotshot.app */ = {isa = PBXFileReference; explicitFileType = wrapper.application; includeInIndex = 0; path = Hotshot.app; sourceTree = BUILT_PRODUCTS_DIR; };
		7664544C2357A301009E1A28 /* AppDelegate.swift */ = {isa = PBXFileReference; lastKnownFileType = sourcecode.swift; path = AppDelegate.swift; sourceTree = "<group>"; };
		766454532357A301009E1A28 /* Base */ = {isa = PBXFileReference; lastKnownFileType = file.storyboard; name = Base; path = Base.lproj/Main.storyboard; sourceTree = "<group>"; };
		766454552357A302009E1A28 /* Assets.xcassets */ = {isa = PBXFileReference; lastKnownFileType = folder.assetcatalog; path = Assets.xcassets; sourceTree = "<group>"; };
		766454582357A302009E1A28 /* Base */ = {isa = PBXFileReference; lastKnownFileType = file.storyboard; name = Base; path = Base.lproj/LaunchScreen.storyboard; sourceTree = "<group>"; };
		7664545A2357A302009E1A28 /* Info.plist */ = {isa = PBXFileReference; lastKnownFileType = text.plist.xml; path = Info.plist; sourceTree = "<group>"; };
		766454622357A93A009E1A28 /* SceneDelegate.swift */ = {isa = PBXFileReference; fileEncoding = 4; lastKnownFileType = sourcecode.swift; path = SceneDelegate.swift; sourceTree = "<group>"; };
		766454672357ABF9009E1A28 /* CustomViewBase.swift */ = {isa = PBXFileReference; fileEncoding = 4; lastKnownFileType = sourcecode.swift; path = CustomViewBase.swift; sourceTree = "<group>"; };
		7664546E2357AE89009E1A28 /* LandingViewController.swift */ = {isa = PBXFileReference; lastKnownFileType = sourcecode.swift; path = LandingViewController.swift; sourceTree = "<group>"; };
		766454792357B735009E1A28 /* UIViewController+setNavigation.swift */ = {isa = PBXFileReference; lastKnownFileType = sourcecode.swift; path = "UIViewController+setNavigation.swift"; sourceTree = "<group>"; };
		766454A42357CA03009E1A28 /* HasCollectionViewDataSource.swift */ = {isa = PBXFileReference; lastKnownFileType = sourcecode.swift; path = HasCollectionViewDataSource.swift; sourceTree = "<group>"; };
		7670F4A1235E1C690031AA55 /* PhotoView.xib */ = {isa = PBXFileReference; lastKnownFileType = file.xib; path = PhotoView.xib; sourceTree = "<group>"; };
		7670F4A3235E1CFD0031AA55 /* PhotoView.swift */ = {isa = PBXFileReference; lastKnownFileType = sourcecode.swift; path = PhotoView.swift; sourceTree = "<group>"; };
		7670F4A5235E22CB0031AA55 /* UIView+AlphaGlow.swift */ = {isa = PBXFileReference; lastKnownFileType = sourcecode.swift; path = "UIView+AlphaGlow.swift"; sourceTree = "<group>"; };
		7670F4A7235E28B40031AA55 /* UIView-findViewController.swift */ = {isa = PBXFileReference; lastKnownFileType = sourcecode.swift; path = "UIView-findViewController.swift"; sourceTree = "<group>"; };
		7688DA5B235A7AD300DC614D /* TLPhotosPickerConfigure+PhotoPicker.swift */ = {isa = PBXFileReference; lastKnownFileType = sourcecode.swift; path = "TLPhotosPickerConfigure+PhotoPicker.swift"; sourceTree = "<group>"; };
		76C277A8235B8FB000C1F8DD /* logo.png */ = {isa = PBXFileReference; lastKnownFileType = image.png; path = logo.png; sourceTree = "<group>"; };
		76C277A9235B8FB000C1F8DD /* logo@2x.png */ = {isa = PBXFileReference; lastKnownFileType = image.png; path = "logo@2x.png"; sourceTree = "<group>"; };
		76C277AA235B8FB000C1F8DD /* logo@3x.png */ = {isa = PBXFileReference; lastKnownFileType = image.png; path = "logo@3x.png"; sourceTree = "<group>"; };
		76C277AE235B945200C1F8DD /* hamburger@2x.png */ = {isa = PBXFileReference; lastKnownFileType = image.png; path = "hamburger@2x.png"; sourceTree = "<group>"; };
		76C277AF235B945200C1F8DD /* hamburger@3x.png */ = {isa = PBXFileReference; lastKnownFileType = image.png; path = "hamburger@3x.png"; sourceTree = "<group>"; };
		76C277B0235B945200C1F8DD /* hamburger.png */ = {isa = PBXFileReference; lastKnownFileType = image.png; path = hamburger.png; sourceTree = "<group>"; };
		76F4A57323592CAB00822CC1 /* SelectedPhotosViewModel.swift */ = {isa = PBXFileReference; lastKnownFileType = sourcecode.swift; path = SelectedPhotosViewModel.swift; sourceTree = "<group>"; };
/* End PBXFileReference section */

/* Begin PBXFrameworksBuildPhase section */
		766454462357A301009E1A28 /* Frameworks */ = {
			isa = PBXFrameworksBuildPhase;
			buildActionMask = 2147483647;
			files = (
				87D02F1EA2A764AF5B31BB53 /* Pods_Hotshot.framework in Frameworks */,
			);
			runOnlyForDeploymentPostprocessing = 0;
		};
/* End PBXFrameworksBuildPhase section */

/* Begin PBXGroup section */
		692C4EA89121E397F64CBED1 /* Frameworks */ = {
			isa = PBXGroup;
			children = (
				3DBC4EB5C0DAA490B1AF421E /* Pods_Hotshot.framework */,
			);
			name = Frameworks;
			sourceTree = "<group>";
		};
		7637CEC02358EAF600FB6979 /* Images */ = {
			isa = PBXGroup;
			children = (
				763B5A1A236C8DF1000F23CA /* Animated */,
				763B5A13236C8DD7000F23CA /* Buttons */,
				76C277A8235B8FB000C1F8DD /* logo.png */,
				76C277A9235B8FB000C1F8DD /* logo@2x.png */,
				76C277AA235B8FB000C1F8DD /* logo@3x.png */,
			);
			path = Images;
			sourceTree = "<group>";
		};
		7637CEC32358FFB500FB6979 /* DZNEmptyDataSet */ = {
			isa = PBXGroup;
			children = (
				7637CEC62358FFD800FB6979 /* UIScrollView+EmptyDataSet.h */,
				7637CEC52358FFD800FB6979 /* UIScrollView+EmptyDataSet.m */,
				7637CEC42358FFD700FB6979 /* Hotshot-Bridging-Header.h */,
			);
			path = DZNEmptyDataSet;
			sourceTree = "<group>";
		};
		7637CEE823591CDB00FB6979 /* ViewModels */ = {
			isa = PBXGroup;
			children = (
				7637CEE923591CF400FB6979 /* CollectionViewCells */,
				7637CEEA23591D2200FB6979 /* CollectionViewModel.swift */,
				76F4A57323592CAB00822CC1 /* SelectedPhotosViewModel.swift */,
			);
			path = ViewModels;
			sourceTree = "<group>";
		};
		7637CEE923591CF400FB6979 /* CollectionViewCells */ = {
			isa = PBXGroup;
			children = (
				7637CEEC23591D7200FB6979 /* CollectionViewCellModel.swift */,
				7637CEEE23591E2500FB6979 /* SelectedPhotoCellModel.swift */,
			);
			path = CollectionViewCells;
			sourceTree = "<group>";
		};
		763B5A13236C8DD7000F23CA /* Buttons */ = {
			isa = PBXGroup;
			children = (
				76C277B0235B945200C1F8DD /* hamburger.png */,
				76C277AE235B945200C1F8DD /* hamburger@2x.png */,
				76C277AF235B945200C1F8DD /* hamburger@3x.png */,
				763B5A16236C8DE1000F23CA /* addbutton.png */,
				763B5A14236C8DE0000F23CA /* addbutton@2x.png */,
				763B5A15236C8DE1000F23CA /* addbutton@3x.png */,
			);
			path = Buttons;
			sourceTree = "<group>";
		};
		763B5A1A236C8DF1000F23CA /* Animated */ = {
			isa = PBXGroup;
			children = (
				7637CEC12358EB0400FB6979 /* addphoto.gif */,
			);
			path = Animated;
			sourceTree = "<group>";
		};
		764A955B235CE5950075A94D /* Models */ = {
			isa = PBXGroup;
			children = (
				764A955C235CE5C20075A94D /* AnalyzingImage.swift */,
			);
			path = Models;
			sourceTree = "<group>";
		};
		766454402357A301009E1A28 = {
			isa = PBXGroup;
			children = (
				7664544B2357A301009E1A28 /* Hotshot */,
				7664544A2357A301009E1A28 /* Products */,
				CA75800E158BB147764D18D6 /* Pods */,
				692C4EA89121E397F64CBED1 /* Frameworks */,
			);
			sourceTree = "<group>";
		};
		7664544A2357A301009E1A28 /* Products */ = {
			isa = PBXGroup;
			children = (
				766454492357A301009E1A28 /* Hotshot.app */,
			);
			name = Products;
			sourceTree = "<group>";
		};
		7664544B2357A301009E1A28 /* Hotshot */ = {
			isa = PBXGroup;
			children = (
				7664545A2357A302009E1A28 /* Info.plist */,
				766454522357A301009E1A28 /* Main.storyboard */,
				766454572357A302009E1A28 /* LaunchScreen.storyboard */,
				7664544C2357A301009E1A28 /* AppDelegate.swift */,
				766454622357A93A009E1A28 /* SceneDelegate.swift */,
				766454552357A302009E1A28 /* Assets.xcassets */,
				766454A62357CB5C009E1A28 /* DataSources */,
				7637CEC32358FFB500FB6979 /* DZNEmptyDataSet */,
				766454782357B70D009E1A28 /* Extensions */,
				7637CEC02358EAF600FB6979 /* Images */,
				764A955B235CE5950075A94D /* Models */,
				766454602357A70B009E1A28 /* ViewControllers */,
				7637CEE823591CDB00FB6979 /* ViewModels */,
				766454612357A71F009E1A28 /* Views */,
			);
			path = Hotshot;
			sourceTree = "<group>";
		};
		766454602357A70B009E1A28 /* ViewControllers */ = {
			isa = PBXGroup;
			children = (
				7664546D2357AE1F009E1A28 /* LandingViewControllers */,
				764A9559235CE2F00075A94D /* AnalyzingViewController.swift */,
			);
			path = ViewControllers;
			sourceTree = "<group>";
		};
		766454612357A71F009E1A28 /* Views */ = {
			isa = PBXGroup;
			children = (
				766454672357ABF9009E1A28 /* CustomViewBase.swift */,
				766454662357ABCD009E1A28 /* LandingViews */,
				7670F4A1235E1C690031AA55 /* PhotoView.xib */,
				7670F4A3235E1CFD0031AA55 /* PhotoView.swift */,
			);
			path = Views;
			sourceTree = "<group>";
		};
		766454662357ABCD009E1A28 /* LandingViews */ = {
			isa = PBXGroup;
			children = (
				763B5A0F236C8802000F23CA /* RoundedPhotosView.xib */,
				763B5A11236C8834000F23CA /* RoundedPhotosView.swift */,
			);
			path = LandingViews;
			sourceTree = "<group>";
		};
		7664546D2357AE1F009E1A28 /* LandingViewControllers */ = {
			isa = PBXGroup;
			children = (
				7664546E2357AE89009E1A28 /* LandingViewController.swift */,
			);
			path = LandingViewControllers;
			sourceTree = "<group>";
		};
		766454782357B70D009E1A28 /* Extensions */ = {
			isa = PBXGroup;
			children = (
				766454792357B735009E1A28 /* UIViewController+setNavigation.swift */,
				766454A42357CA03009E1A28 /* HasCollectionViewDataSource.swift */,
				7688DA5B235A7AD300DC614D /* TLPhotosPickerConfigure+PhotoPicker.swift */,
				764A9567235CFCF20075A94D /* UIView+rotate.swift */,
				7670F4A5235E22CB0031AA55 /* UIView+AlphaGlow.swift */,
				7670F4A7235E28B40031AA55 /* UIView-findViewController.swift */,
			);
			path = Extensions;
			sourceTree = "<group>";
		};
		766454A62357CB5C009E1A28 /* DataSources */ = {
			isa = PBXGroup;
			children = (
			);
			path = DataSources;
			sourceTree = "<group>";
		};
		CA75800E158BB147764D18D6 /* Pods */ = {
			isa = PBXGroup;
			children = (
				1E1580E7F39AA70FD4230568 /* Pods-Hotshot.debug.xcconfig */,
				6BA70F2C327E64C82116882F /* Pods-Hotshot.release.xcconfig */,
			);
			path = Pods;
			sourceTree = "<group>";
		};
/* End PBXGroup section */

/* Begin PBXNativeTarget section */
		766454482357A301009E1A28 /* Hotshot */ = {
			isa = PBXNativeTarget;
			buildConfigurationList = 7664545D2357A302009E1A28 /* Build configuration list for PBXNativeTarget "Hotshot" */;
			buildPhases = (
				F32B1728F2F75F304AD1B09A /* [CP] Check Pods Manifest.lock */,
				766454452357A301009E1A28 /* Sources */,
				766454462357A301009E1A28 /* Frameworks */,
				766454472357A301009E1A28 /* Resources */,
				DCA5233EBC4D4EA1464DB44E /* [CP] Embed Pods Frameworks */,
			);
			buildRules = (
			);
			dependencies = (
			);
			name = Hotshot;
			productName = Hotshot;
			productReference = 766454492357A301009E1A28 /* Hotshot.app */;
			productType = "com.apple.product-type.application";
		};
/* End PBXNativeTarget section */

/* Begin PBXProject section */
		766454412357A301009E1A28 /* Project object */ = {
			isa = PBXProject;
			attributes = {
				LastSwiftUpdateCheck = 1110;
				LastUpgradeCheck = 1110;
				ORGANIZATIONNAME = Firot;
				TargetAttributes = {
					766454482357A301009E1A28 = {
						CreatedOnToolsVersion = 11.1;
						LastSwiftMigration = 1110;
					};
				};
			};
			buildConfigurationList = 766454442357A301009E1A28 /* Build configuration list for PBXProject "Hotshot" */;
			compatibilityVersion = "Xcode 9.3";
			developmentRegion = en;
			hasScannedForEncodings = 0;
			knownRegions = (
				en,
				Base,
			);
			mainGroup = 766454402357A301009E1A28;
			productRefGroup = 7664544A2357A301009E1A28 /* Products */;
			projectDirPath = "";
			projectRoot = "";
			targets = (
				766454482357A301009E1A28 /* Hotshot */,
			);
		};
/* End PBXProject section */

/* Begin PBXResourcesBuildPhase section */
		766454472357A301009E1A28 /* Resources */ = {
			isa = PBXResourcesBuildPhase;
			buildActionMask = 2147483647;
			files = (
				763B5A17236C8DE1000F23CA /* addbutton@2x.png in Resources */,
				76C277B1235B945200C1F8DD /* hamburger@2x.png in Resources */,
				76C277AC235B8FB000C1F8DD /* logo@2x.png in Resources */,
				763B5A18236C8DE1000F23CA /* addbutton@3x.png in Resources */,
				766454592357A302009E1A28 /* LaunchScreen.storyboard in Resources */,
				763B5A19236C8DE1000F23CA /* addbutton.png in Resources */,
				76C277B2235B945200C1F8DD /* hamburger@3x.png in Resources */,
				763B5A10236C8802000F23CA /* RoundedPhotosView.xib in Resources */,
				7670F4A2235E1C690031AA55 /* PhotoView.xib in Resources */,
				76C277AB235B8FB000C1F8DD /* logo.png in Resources */,
				766454562357A302009E1A28 /* Assets.xcassets in Resources */,
				766454542357A301009E1A28 /* Main.storyboard in Resources */,
				76C277B3235B945200C1F8DD /* hamburger.png in Resources */,
				76C277AD235B8FB000C1F8DD /* logo@3x.png in Resources */,
				7637CEC22358EB0400FB6979 /* addphoto.gif in Resources */,
			);
			runOnlyForDeploymentPostprocessing = 0;
		};
/* End PBXResourcesBuildPhase section */

/* Begin PBXShellScriptBuildPhase section */
		DCA5233EBC4D4EA1464DB44E /* [CP] Embed Pods Frameworks */ = {
			isa = PBXShellScriptBuildPhase;
			buildActionMask = 2147483647;
			files = (
			);
			inputFileListPaths = (
				"${PODS_ROOT}/Target Support Files/Pods-Hotshot/Pods-Hotshot-frameworks-${CONFIGURATION}-input-files.xcfilelist",
			);
			name = "[CP] Embed Pods Frameworks";
			outputFileListPaths = (
				"${PODS_ROOT}/Target Support Files/Pods-Hotshot/Pods-Hotshot-frameworks-${CONFIGURATION}-output-files.xcfilelist",
			);
			runOnlyForDeploymentPostprocessing = 0;
			shellPath = /bin/sh;
			shellScript = "\"${PODS_ROOT}/Target Support Files/Pods-Hotshot/Pods-Hotshot-frameworks.sh\"\n";
			showEnvVarsInLog = 0;
		};
		F32B1728F2F75F304AD1B09A /* [CP] Check Pods Manifest.lock */ = {
			isa = PBXShellScriptBuildPhase;
			buildActionMask = 2147483647;
			files = (
			);
			inputFileListPaths = (
			);
			inputPaths = (
				"${PODS_PODFILE_DIR_PATH}/Podfile.lock",
				"${PODS_ROOT}/Manifest.lock",
			);
			name = "[CP] Check Pods Manifest.lock";
			outputFileListPaths = (
			);
			outputPaths = (
				"$(DERIVED_FILE_DIR)/Pods-Hotshot-checkManifestLockResult.txt",
			);
			runOnlyForDeploymentPostprocessing = 0;
			shellPath = /bin/sh;
			shellScript = "diff \"${PODS_PODFILE_DIR_PATH}/Podfile.lock\" \"${PODS_ROOT}/Manifest.lock\" > /dev/null\nif [ $? != 0 ] ; then\n    # print error to STDERR\n    echo \"error: The sandbox is not in sync with the Podfile.lock. Run 'pod install' or update your CocoaPods installation.\" >&2\n    exit 1\nfi\n# This output is used by Xcode 'outputs' to avoid re-running this script phase.\necho \"SUCCESS\" > \"${SCRIPT_OUTPUT_FILE_0}\"\n";
			showEnvVarsInLog = 0;
		};
/* End PBXShellScriptBuildPhase section */

/* Begin PBXSourcesBuildPhase section */
		766454452357A301009E1A28 /* Sources */ = {
			isa = PBXSourcesBuildPhase;
			buildActionMask = 2147483647;
			files = (
				7670F4A8235E28B40031AA55 /* UIView-findViewController.swift in Sources */,
				7637CEED23591D7200FB6979 /* CollectionViewCellModel.swift in Sources */,
				7664547A2357B735009E1A28 /* UIViewController+setNavigation.swift in Sources */,
				7637CEEB23591D2200FB6979 /* CollectionViewModel.swift in Sources */,
				7670F4A4235E1CFD0031AA55 /* PhotoView.swift in Sources */,
				7670F4A6235E22CB0031AA55 /* UIView+AlphaGlow.swift in Sources */,
				766454682357ABF9009E1A28 /* CustomViewBase.swift in Sources */,
				7664544D2357A301009E1A28 /* AppDelegate.swift in Sources */,
				764A955A235CE2F00075A94D /* AnalyzingViewController.swift in Sources */,
				763B5A12236C8834000F23CA /* RoundedPhotosView.swift in Sources */,
				76F4A57423592CAB00822CC1 /* SelectedPhotosViewModel.swift in Sources */,
				764A9568235CFCF20075A94D /* UIView+rotate.swift in Sources */,
				766454632357A93A009E1A28 /* SceneDelegate.swift in Sources */,
				7637CEEF23591E2500FB6979 /* SelectedPhotoCellModel.swift in Sources */,
				7664546F2357AE89009E1A28 /* LandingViewController.swift in Sources */,
				766454A52357CA03009E1A28 /* HasCollectionViewDataSource.swift in Sources */,
				7637CEC72358FFD800FB6979 /* UIScrollView+EmptyDataSet.m in Sources */,
				7688DA5C235A7AD300DC614D /* TLPhotosPickerConfigure+PhotoPicker.swift in Sources */,
				764A955D235CE5C20075A94D /* AnalyzingImage.swift in Sources */,
			);
			runOnlyForDeploymentPostprocessing = 0;
		};
/* End PBXSourcesBuildPhase section */

/* Begin PBXVariantGroup section */
		766454522357A301009E1A28 /* Main.storyboard */ = {
			isa = PBXVariantGroup;
			children = (
				766454532357A301009E1A28 /* Base */,
			);
			name = Main.storyboard;
			sourceTree = "<group>";
		};
		766454572357A302009E1A28 /* LaunchScreen.storyboard */ = {
			isa = PBXVariantGroup;
			children = (
				766454582357A302009E1A28 /* Base */,
			);
			name = LaunchScreen.storyboard;
			sourceTree = "<group>";
		};
/* End PBXVariantGroup section */

/* Begin XCBuildConfiguration section */
		7664545B2357A302009E1A28 /* Debug */ = {
			isa = XCBuildConfiguration;
			buildSettings = {
				ALWAYS_SEARCH_USER_PATHS = NO;
				CLANG_ANALYZER_NONNULL = YES;
				CLANG_ANALYZER_NUMBER_OBJECT_CONVERSION = YES_AGGRESSIVE;
				CLANG_CXX_LANGUAGE_STANDARD = "gnu++14";
				CLANG_CXX_LIBRARY = "libc++";
				CLANG_ENABLE_MODULES = YES;
				CLANG_ENABLE_OBJC_ARC = YES;
				CLANG_ENABLE_OBJC_WEAK = YES;
				CLANG_WARN_BLOCK_CAPTURE_AUTORELEASING = YES;
				CLANG_WARN_BOOL_CONVERSION = YES;
				CLANG_WARN_COMMA = YES;
				CLANG_WARN_CONSTANT_CONVERSION = YES;
				CLANG_WARN_DEPRECATED_OBJC_IMPLEMENTATIONS = YES;
				CLANG_WARN_DIRECT_OBJC_ISA_USAGE = YES_ERROR;
				CLANG_WARN_DOCUMENTATION_COMMENTS = YES;
				CLANG_WARN_EMPTY_BODY = YES;
				CLANG_WARN_ENUM_CONVERSION = YES;
				CLANG_WARN_INFINITE_RECURSION = YES;
				CLANG_WARN_INT_CONVERSION = YES;
				CLANG_WARN_NON_LITERAL_NULL_CONVERSION = YES;
				CLANG_WARN_OBJC_IMPLICIT_RETAIN_SELF = YES;
				CLANG_WARN_OBJC_LITERAL_CONVERSION = YES;
				CLANG_WARN_OBJC_ROOT_CLASS = YES_ERROR;
				CLANG_WARN_RANGE_LOOP_ANALYSIS = YES;
				CLANG_WARN_STRICT_PROTOTYPES = YES;
				CLANG_WARN_SUSPICIOUS_MOVE = YES;
				CLANG_WARN_UNGUARDED_AVAILABILITY = YES_AGGRESSIVE;
				CLANG_WARN_UNREACHABLE_CODE = YES;
				CLANG_WARN__DUPLICATE_METHOD_MATCH = YES;
				COPY_PHASE_STRIP = NO;
				DEBUG_INFORMATION_FORMAT = dwarf;
				ENABLE_STRICT_OBJC_MSGSEND = YES;
				ENABLE_TESTABILITY = YES;
				GCC_C_LANGUAGE_STANDARD = gnu11;
				GCC_DYNAMIC_NO_PIC = NO;
				GCC_NO_COMMON_BLOCKS = YES;
				GCC_OPTIMIZATION_LEVEL = 0;
				GCC_PREPROCESSOR_DEFINITIONS = (
					"DEBUG=1",
					"$(inherited)",
				);
				GCC_WARN_64_TO_32_BIT_CONVERSION = YES;
				GCC_WARN_ABOUT_RETURN_TYPE = YES_ERROR;
				GCC_WARN_UNDECLARED_SELECTOR = YES;
				GCC_WARN_UNINITIALIZED_AUTOS = YES_AGGRESSIVE;
				GCC_WARN_UNUSED_FUNCTION = YES;
				GCC_WARN_UNUSED_VARIABLE = YES;
				IPHONEOS_DEPLOYMENT_TARGET = 13.1;
				MTL_ENABLE_DEBUG_INFO = INCLUDE_SOURCE;
				MTL_FAST_MATH = YES;
				ONLY_ACTIVE_ARCH = YES;
				SDKROOT = iphoneos;
				SWIFT_ACTIVE_COMPILATION_CONDITIONS = DEBUG;
				SWIFT_OPTIMIZATION_LEVEL = "-Onone";
			};
			name = Debug;
		};
		7664545C2357A302009E1A28 /* Release */ = {
			isa = XCBuildConfiguration;
			buildSettings = {
				ALWAYS_SEARCH_USER_PATHS = NO;
				CLANG_ANALYZER_NONNULL = YES;
				CLANG_ANALYZER_NUMBER_OBJECT_CONVERSION = YES_AGGRESSIVE;
				CLANG_CXX_LANGUAGE_STANDARD = "gnu++14";
				CLANG_CXX_LIBRARY = "libc++";
				CLANG_ENABLE_MODULES = YES;
				CLANG_ENABLE_OBJC_ARC = YES;
				CLANG_ENABLE_OBJC_WEAK = YES;
				CLANG_WARN_BLOCK_CAPTURE_AUTORELEASING = YES;
				CLANG_WARN_BOOL_CONVERSION = YES;
				CLANG_WARN_COMMA = YES;
				CLANG_WARN_CONSTANT_CONVERSION = YES;
				CLANG_WARN_DEPRECATED_OBJC_IMPLEMENTATIONS = YES;
				CLANG_WARN_DIRECT_OBJC_ISA_USAGE = YES_ERROR;
				CLANG_WARN_DOCUMENTATION_COMMENTS = YES;
				CLANG_WARN_EMPTY_BODY = YES;
				CLANG_WARN_ENUM_CONVERSION = YES;
				CLANG_WARN_INFINITE_RECURSION = YES;
				CLANG_WARN_INT_CONVERSION = YES;
				CLANG_WARN_NON_LITERAL_NULL_CONVERSION = YES;
				CLANG_WARN_OBJC_IMPLICIT_RETAIN_SELF = YES;
				CLANG_WARN_OBJC_LITERAL_CONVERSION = YES;
				CLANG_WARN_OBJC_ROOT_CLASS = YES_ERROR;
				CLANG_WARN_RANGE_LOOP_ANALYSIS = YES;
				CLANG_WARN_STRICT_PROTOTYPES = YES;
				CLANG_WARN_SUSPICIOUS_MOVE = YES;
				CLANG_WARN_UNGUARDED_AVAILABILITY = YES_AGGRESSIVE;
				CLANG_WARN_UNREACHABLE_CODE = YES;
				CLANG_WARN__DUPLICATE_METHOD_MATCH = YES;
				COPY_PHASE_STRIP = NO;
				DEBUG_INFORMATION_FORMAT = "dwarf-with-dsym";
				ENABLE_NS_ASSERTIONS = NO;
				ENABLE_STRICT_OBJC_MSGSEND = YES;
				GCC_C_LANGUAGE_STANDARD = gnu11;
				GCC_NO_COMMON_BLOCKS = YES;
				GCC_WARN_64_TO_32_BIT_CONVERSION = YES;
				GCC_WARN_ABOUT_RETURN_TYPE = YES_ERROR;
				GCC_WARN_UNDECLARED_SELECTOR = YES;
				GCC_WARN_UNINITIALIZED_AUTOS = YES_AGGRESSIVE;
				GCC_WARN_UNUSED_FUNCTION = YES;
				GCC_WARN_UNUSED_VARIABLE = YES;
				IPHONEOS_DEPLOYMENT_TARGET = 13.1;
				MTL_ENABLE_DEBUG_INFO = NO;
				MTL_FAST_MATH = YES;
				SDKROOT = iphoneos;
				SWIFT_COMPILATION_MODE = wholemodule;
				SWIFT_OPTIMIZATION_LEVEL = "-O";
				VALIDATE_PRODUCT = YES;
			};
			name = Release;
		};
		7664545E2357A302009E1A28 /* Debug */ = {
			isa = XCBuildConfiguration;
			baseConfigurationReference = 1E1580E7F39AA70FD4230568 /* Pods-Hotshot.debug.xcconfig */;
			buildSettings = {
				ASSETCATALOG_COMPILER_APPICON_NAME = AppIcon;
				CLANG_ENABLE_MODULES = YES;
				CODE_SIGN_STYLE = Automatic;
				DEVELOPMENT_TEAM = 64LWD834U3;
				INFOPLIST_FILE = Hotshot/Info.plist;
				IPHONEOS_DEPLOYMENT_TARGET = 11.4;
				LD_RUNPATH_SEARCH_PATHS = (
					"$(inherited)",
					"@executable_path/Frameworks",
				);
				PRODUCT_BUNDLE_IDENTIFIER = com.example.Hotshot;
				PRODUCT_NAME = "$(TARGET_NAME)";
				SWIFT_OBJC_BRIDGING_HEADER = "Hotshot/DZNEmptyDataSet/Hotshot-Bridging-Header.h";
				SWIFT_OPTIMIZATION_LEVEL = "-Onone";
				SWIFT_VERSION = 5.0;
				TARGETED_DEVICE_FAMILY = "1,2";
			};
			name = Debug;
		};
		7664545F2357A302009E1A28 /* Release */ = {
			isa = XCBuildConfiguration;
			baseConfigurationReference = 6BA70F2C327E64C82116882F /* Pods-Hotshot.release.xcconfig */;
			buildSettings = {
				ASSETCATALOG_COMPILER_APPICON_NAME = AppIcon;
				CLANG_ENABLE_MODULES = YES;
				CODE_SIGN_STYLE = Automatic;
				DEVELOPMENT_TEAM = 64LWD834U3;
				INFOPLIST_FILE = Hotshot/Info.plist;
				IPHONEOS_DEPLOYMENT_TARGET = 11.4;
				LD_RUNPATH_SEARCH_PATHS = (
					"$(inherited)",
					"@executable_path/Frameworks",
				);
				PRODUCT_BUNDLE_IDENTIFIER = com.example.Hotshot;
				PRODUCT_NAME = "$(TARGET_NAME)";
				SWIFT_OBJC_BRIDGING_HEADER = "Hotshot/DZNEmptyDataSet/Hotshot-Bridging-Header.h";
				SWIFT_VERSION = 5.0;
				TARGETED_DEVICE_FAMILY = "1,2";
			};
			name = Release;
		};
/* End XCBuildConfiguration section */

/* Begin XCConfigurationList section */
		766454442357A301009E1A28 /* Build configuration list for PBXProject "Hotshot" */ = {
			isa = XCConfigurationList;
			buildConfigurations = (
				7664545B2357A302009E1A28 /* Debug */,
				7664545C2357A302009E1A28 /* Release */,
			);
			defaultConfigurationIsVisible = 0;
			defaultConfigurationName = Release;
		};
		7664545D2357A302009E1A28 /* Build configuration list for PBXNativeTarget "Hotshot" */ = {
			isa = XCConfigurationList;
			buildConfigurations = (
				7664545E2357A302009E1A28 /* Debug */,
				7664545F2357A302009E1A28 /* Release */,
			);
			defaultConfigurationIsVisible = 0;
			defaultConfigurationName = Release;
		};
/* End XCConfigurationList section */
	};
	rootObject = 766454412357A301009E1A28 /* Project object */;
}
